
Microsoft Visual Studio Solution File, Format Version 12.00
# Visual Studio 15
VisualStudioVersion = 15.0.27004.2005
MinimumVisualStudioVersion = 10.0.40219.1
Project("{2150E333-8FDC-42A3-9474-1A3956D46DE8}") = "Server", "Server", "{DD65D004-BBD1-4842-8934-E1483AEA6030}"
EndProject
Project("{2150E333-8FDC-42A3-9474-1A3956D46DE8}") = "Client", "Client", "{45D72D7F-B859-48CB-9FB4-AD21381B1148}"
EndProject
Project("{2150E333-8FDC-42A3-9474-1A3956D46DE8}") = "Data Access", "Data Access", "{6E13A535-5BA7-4041-8651-45E6E5E0992B}"
EndProject
Project("{2150E333-8FDC-42A3-9474-1A3956D46DE8}") = "Framework", "Framework", "{D943B269-B191-4A10-AB51-6A20F1271239}"
EndProject
Project("{2150E333-8FDC-42A3-9474-1A3956D46DE8}") = "Business", "Business", "{004B3441-F75C-4498-89BF-AEE2ADB9EBF0}"
EndProject
Project("{FAE04EC0-301F-11D3-BF4B-00C04F79EFBC}") = "Modelo.Web", "Modelo.Web\Modelo.Web.csproj", "{025C7E9B-0DDD-4A04-BE27-ADA25713FE99}"
EndProject
Project("{FAE04EC0-301F-11D3-BF4B-00C04F79EFBC}") = "IHM.Log", "IHM.Log\IHM.Log.csproj", "{864CA160-ED68-4422-AE44-F1B4EFAFEFF1}"
EndProject
Project("{FAE04EC0-301F-11D3-BF4B-00C04F79EFBC}") = "IHM.LogView", "IHM.LogView\IHM.LogView.csproj", "{842F9D57-0503-416F-B717-FF4BC55A2BBF}"
EndProject
Project("{FAE04EC0-301F-11D3-BF4B-00C04F79EFBC}") = "Modelo.BusinessObjects", "Modelo.BusinessObjects\Modelo.BusinessObjects.csproj", "{32D3EF96-2969-47BA-8F6A-372941A3FE5F}"
EndProject
Project("{FAE04EC0-301F-11D3-BF4B-00C04F79EFBC}") = "Modelo.BusinessRules", "Modelo.BusinessRules\Modelo.BusinessRules.csproj", "{80E5CEA4-B52B-4310-96A1-07BD00BA518F}"
EndProject
Project("{FAE04EC0-301F-11D3-BF4B-00C04F79EFBC}") = "Modelo.Database", "Modelo.Database\Modelo.Database.csproj", "{E675D792-3AD5-4C7C-B29B-24F942181796}"
EndProject
Project("{FAE04EC0-301F-11D3-BF4B-00C04F79EFBC}") = "Modelo.Api", "Modelo.Api\Modelo.Api\Modelo.Api.csproj", "{A44EA663-F4C8-4673-8475-DC326DE1DC96}"
EndProject
Project("{FAE04EC0-301F-11D3-BF4B-00C04F79EFBC}") = "IHM.ResourcesObjects", "IHM.ResourcesObjects\IHM.ResourcesObjects.csproj", "{98561AC5-EB61-43A6-AFFF-7F080024911D}"
EndProject
Project("{FAE04EC0-301F-11D3-BF4B-00C04F79EFBC}") = "IHM.Login", "IHM.Login\IHM.Login.csproj", "{31D5957E-6106-4AAA-9763-C213B5D144BF}"
EndProject
Project("{FAE04EC0-301F-11D3-BF4B-00C04F79EFBC}") = "IHM.LogView.Web", "IHM.LogView.Web\IHM.LogView.Web.csproj", "{59967606-E470-49BC-9292-93C288F79383}"
EndProject
Global
	GlobalSection(SolutionConfigurationPlatforms) = preSolution
		Debug|Any CPU = Debug|Any CPU
		Release|Any CPU = Release|Any CPU
	EndGlobalSection
	GlobalSection(ProjectConfigurationPlatforms) = postSolution
		{025C7E9B-0DDD-4A04-BE27-ADA25713FE99}.Debug|Any CPU.ActiveCfg = Debug|Any CPU
		{025C7E9B-0DDD-4A04-BE27-ADA25713FE99}.Debug|Any CPU.Build.0 = Debug|Any CPU
		{025C7E9B-0DDD-4A04-BE27-ADA25713FE99}.Release|Any CPU.ActiveCfg = Release|Any CPU
		{025C7E9B-0DDD-4A04-BE27-ADA25713FE99}.Release|Any CPU.Build.0 = Release|Any CPU
		{864CA160-ED68-4422-AE44-F1B4EFAFEFF1}.Debug|Any CPU.ActiveCfg = Debug|Any CPU
		{864CA160-ED68-4422-AE44-F1B4EFAFEFF1}.Debug|Any CPU.Build.0 = Debug|Any CPU
		{864CA160-ED68-4422-AE44-F1B4EFAFEFF1}.Release|Any CPU.ActiveCfg = Release|Any CPU
		{864CA160-ED68-4422-AE44-F1B4EFAFEFF1}.Release|Any CPU.Build.0 = Release|Any CPU
		{842F9D57-0503-416F-B717-FF4BC55A2BBF}.Debug|Any CPU.ActiveCfg = Debug|Any CPU
		{842F9D57-0503-416F-B717-FF4BC55A2BBF}.Debug|Any CPU.Build.0 = Debug|Any CPU
		{842F9D57-0503-416F-B717-FF4BC55A2BBF}.Release|Any CPU.ActiveCfg = Release|Any CPU
		{842F9D57-0503-416F-B717-FF4BC55A2BBF}.Release|Any CPU.Build.0 = Release|Any CPU
		{32D3EF96-2969-47BA-8F6A-372941A3FE5F}.Debug|Any CPU.ActiveCfg = Debug|Any CPU
		{32D3EF96-2969-47BA-8F6A-372941A3FE5F}.Debug|Any CPU.Build.0 = Debug|Any CPU
		{32D3EF96-2969-47BA-8F6A-372941A3FE5F}.Release|Any CPU.ActiveCfg = Release|Any CPU
		{32D3EF96-2969-47BA-8F6A-372941A3FE5F}.Release|Any CPU.Build.0 = Release|Any CPU
		{80E5CEA4-B52B-4310-96A1-07BD00BA518F}.Debug|Any CPU.ActiveCfg = Debug|Any CPU
		{80E5CEA4-B52B-4310-96A1-07BD00BA518F}.Debug|Any CPU.Build.0 = Debug|Any CPU
		{80E5CEA4-B52B-4310-96A1-07BD00BA518F}.Release|Any CPU.ActiveCfg = Release|Any CPU
		{80E5CEA4-B52B-4310-96A1-07BD00BA518F}.Release|Any CPU.Build.0 = Release|Any CPU
		{E675D792-3AD5-4C7C-B29B-24F942181796}.Debug|Any CPU.ActiveCfg = Debug|Any CPU
		{E675D792-3AD5-4C7C-B29B-24F942181796}.Debug|Any CPU.Build.0 = Debug|Any CPU
		{E675D792-3AD5-4C7C-B29B-24F942181796}.Release|Any CPU.ActiveCfg = Release|Any CPU
		{E675D792-3AD5-4C7C-B29B-24F942181796}.Release|Any CPU.Build.0 = Release|Any CPU
		{A44EA663-F4C8-4673-8475-DC326DE1DC96}.Debug|Any CPU.ActiveCfg = Debug|Any CPU
		{A44EA663-F4C8-4673-8475-DC326DE1DC96}.Debug|Any CPU.Build.0 = Debug|Any CPU
		{A44EA663-F4C8-4673-8475-DC326DE1DC96}.Release|Any CPU.ActiveCfg = Release|Any CPU
		{A44EA663-F4C8-4673-8475-DC326DE1DC96}.Release|Any CPU.Build.0 = Release|Any CPU
		{98561AC5-EB61-43A6-AFFF-7F080024911D}.Debug|Any CPU.ActiveCfg = Debug|Any CPU
		{98561AC5-EB61-43A6-AFFF-7F080024911D}.Debug|Any CPU.Build.0 = Debug|Any CPU
		{98561AC5-EB61-43A6-AFFF-7F080024911D}.Release|Any CPU.ActiveCfg = Release|Any CPU
		{98561AC5-EB61-43A6-AFFF-7F080024911D}.Release|Any CPU.Build.0 = Release|Any CPU
		{31D5957E-6106-4AAA-9763-C213B5D144BF}.Debug|Any CPU.ActiveCfg = Debug|Any CPU
		{31D5957E-6106-4AAA-9763-C213B5D144BF}.Debug|Any CPU.Build.0 = Debug|Any CPU
		{31D5957E-6106-4AAA-9763-C213B5D144BF}.Release|Any CPU.ActiveCfg = Release|Any CPU
		{31D5957E-6106-4AAA-9763-C213B5D144BF}.Release|Any CPU.Build.0 = Release|Any CPU
		{59967606-E470-49BC-9292-93C288F79383}.Debug|Any CPU.ActiveCfg = Debug|Any CPU
		{59967606-E470-49BC-9292-93C288F79383}.Debug|Any CPU.Build.0 = Debug|Any CPU
		{59967606-E470-49BC-9292-93C288F79383}.Release|Any CPU.ActiveCfg = Release|Any CPU
		{59967606-E470-49BC-9292-93C288F79383}.Release|Any CPU.Build.0 = Release|Any CPU
	EndGlobalSection
	GlobalSection(SolutionProperties) = preSolution
		HideSolutionNode = FALSE
	EndGlobalSection
	GlobalSection(NestedProjects) = preSolution
		{025C7E9B-0DDD-4A04-BE27-ADA25713FE99} = {45D72D7F-B859-48CB-9FB4-AD21381B1148}
		{864CA160-ED68-4422-AE44-F1B4EFAFEFF1} = {D943B269-B191-4A10-AB51-6A20F1271239}
		{842F9D57-0503-416F-B717-FF4BC55A2BBF} = {D943B269-B191-4A10-AB51-6A20F1271239}
		{32D3EF96-2969-47BA-8F6A-372941A3FE5F} = {004B3441-F75C-4498-89BF-AEE2ADB9EBF0}
		{80E5CEA4-B52B-4310-96A1-07BD00BA518F} = {004B3441-F75C-4498-89BF-AEE2ADB9EBF0}
		{E675D792-3AD5-4C7C-B29B-24F942181796} = {6E13A535-5BA7-4041-8651-45E6E5E0992B}
		{A44EA663-F4C8-4673-8475-DC326DE1DC96} = {DD65D004-BBD1-4842-8934-E1483AEA6030}
		{98561AC5-EB61-43A6-AFFF-7F080024911D} = {D943B269-B191-4A10-AB51-6A20F1271239}
		{31D5957E-6106-4AAA-9763-C213B5D144BF} = {D943B269-B191-4A10-AB51-6A20F1271239}
		{59967606-E470-49BC-9292-93C288F79383} = {D943B269-B191-4A10-AB51-6A20F1271239}
	EndGlobalSection
	GlobalSection(ExtensibilityGlobals) = postSolution
		SolutionGuid = {2CC65752-9F64-483E-B66B-AA99F4DF79D2}
	EndGlobalSection
EndGlobal
